{
    "_readme": [
        "This file locks the dependencies of your project to a known state",
        "Read more about it at https://getcomposer.org/doc/01-basic-usage.md#installing-dependencies",
        "This file is @generated automatically"
    ],
    "content-hash": "e3bc04d0b1ea5d71cd856a1280e2bd5d",
    "packages": [
        {
            "name": "adbario/php-dot-notation",
            "version": "2.2.0",
            "source": {
                "type": "git",
                "url": "https://github.com/adbario/php-dot-notation.git",
                "reference": "eee4fc81296531e6aafba4c2bbccfc5adab1676e"
            },
            "dist": {
                "type": "zip",
                "url": "https://api.github.com/repos/adbario/php-dot-notation/zipball/eee4fc81296531e6aafba4c2bbccfc5adab1676e",
                "reference": "eee4fc81296531e6aafba4c2bbccfc5adab1676e",
                "shasum": ""
            },
            "require": {
                "ext-json": "*",
                "php": ">=5.5"
            },
            "require-dev": {
                "phpunit/phpunit": "^4.0|^5.0|^6.0",
                "squizlabs/php_codesniffer": "^3.0"
            },
            "type": "library",
            "autoload": {
                "files": [
                    "src/helpers.php"
                ],
                "psr-4": {
                    "Adbar\\": "src"
                }
            },
            "notification-url": "https://packagist.org/downloads/",
            "license": [
                "MIT"
            ],
            "authors": [
                {
                    "name": "Riku Särkinen",
                    "email": "riku@adbar.io"
                }
            ],
            "description": "PHP dot notation access to arrays",
            "homepage": "https://github.com/adbario/php-dot-notation",
            "keywords": [
                "ArrayAccess",
                "dotnotation"
            ],
            "support": {
                "issues": "https://github.com/adbario/php-dot-notation/issues",
                "source": "https://github.com/adbario/php-dot-notation/tree/2.x"
            },
            "time": "2019-01-01T23:59:15+00:00"
        },
        {
            "name": "rakibtg/sleekdb",
            "version": "2.6",
            "source": {
                "type": "git",
                "url": "https://github.com/rakibtg/SleekDB.git",
                "reference": "19eb430c6eada447ab2530b6d590598e552ab717"
            },
            "dist": {
                "type": "zip",
                "url": "https://api.github.com/repos/rakibtg/SleekDB/zipball/19eb430c6eada447ab2530b6d590598e552ab717",
                "reference": "19eb430c6eada447ab2530b6d590598e552ab717",
                "shasum": ""
            },
            "require": {
                "ext-json": "*",
                "php": ">=7.0"
            },
            "require-dev": {
                "phpunit/phpunit": "^6.5",
                "spatie/phpunit-watcher": "^1.8"
            },
            "type": "library",
            "autoload": {
                "psr-4": {
                    "SleekDB\\": "src/"
                }
            },
            "notification-url": "https://packagist.org/downloads/",
            "license": [
                "MIT"
            ],
            "authors": [
                {
                    "name": "rakibtg",
                    "email": "rakibtg@gmail.com"
                }
            ],
            "description": "SleekDB - A 30Kb NoSQL Database made using PHP",
            "keywords": [
                "SleekDB",
                "api",
                "database",
                "flatfile",
                "framework",
                "micro",
                "nosql",
                "php",
                "rest"
            ],
            "support": {
                "issues": "https://github.com/rakibtg/SleekDB/issues",
                "source": "https://github.com/rakibtg/SleekDB/tree/2.6"
            },
            "time": "2021-02-17T05:55:41+00:00"
        }
    ],
    "packages-dev": [
        {
            "name": "digitalstars/simplevk",
            "version": "dev-testing",
            "source": {
                "type": "git",
                "url": "https://github.com/digitalstars/simplevk.git",
                "reference": "8746131c3f21f6b7fab8b580738792c522626673"
            },
            "dist": {
                "type": "zip",
                "url": "https://api.github.com/repos/digitalstars/simplevk/zipball/8746131c3f21f6b7fab8b580738792c522626673",
                "reference": "8746131c3f21f6b7fab8b580738792c522626673",
                "shasum": ""
            },
            "require": {
                "ext-curl": "*",
                "ext-fileinfo": "*",
                "ext-iconv": "*",
                "ext-json": "*",
                "ext-mbstring": "*",
                "ext-pcntl": "*",
                "ext-posix": "*",
                "php": ">=7.0"
            },
            "type": "library",
            "autoload": {
                "psr-4": {
                    "DigitalStars\\simplevk\\": "src/"
                }
            },
            "notification-url": "https://packagist.org/downloads/",
            "license": [
                "MIT"
            ],
            "authors": [
                {
                    "name": "ZeRoX",
                    "email": "as234zx15@yandex.ru"
                },
                {
                    "name": "Runnin",
                    "email": "mr.kirilll12@mail.ru"
                }
            ],
            "description": "Library for easy work with VK com api",
            "support": {
                "issues": "https://github.com/digitalstars/simplevk/issues",
                "source": "https://github.com/digitalstars/simplevk/tree/testing"
            },
            "time": "2021-02-19T19:41:31+00:00"
        },
        {
            "name": "phpstan/phpstan",
            "version": "0.12.77",
            "source": {
                "type": "git",
                "url": "https://github.com/phpstan/phpstan.git",
                "reference": "1f10b8c8d118d01e7b492f9707999d456be5812c"
            },
            "dist": {
                "type": "zip",
                "url": "https://api.github.com/repos/phpstan/phpstan/zipball/1f10b8c8d118d01e7b492f9707999d456be5812c",
                "reference": "1f10b8c8d118d01e7b492f9707999d456be5812c",
                "shasum": ""
            },
            "require": {
                "php": "^7.1|^8.0"
            },
            "conflict": {
                "phpstan/phpstan-shim": "*"
            },
            "bin": [
                "phpstan",
                "phpstan.phar"
            ],
            "type": "library",
            "extra": {
                "branch-alias": {
                    "dev-master": "0.12-dev"
                }
            },
            "autoload": {
                "files": [
                    "bootstrap.php"
                ]
            },
            "notification-url": "https://packagist.org/downloads/",
            "license": [
                "MIT"
            ],
            "description": "PHPStan - PHP Static Analysis Tool",
            "support": {
                "issues": "https://github.com/phpstan/phpstan/issues",
                "source": "https://github.com/phpstan/phpstan/tree/0.12.77"
            },
            "funding": [
                {
                    "url": "https://github.com/ondrejmirtes",
                    "type": "github"
                },
                {
                    "url": "https://www.patreon.com/phpstan",
                    "type": "patreon"
                },
                {
                    "url": "https://tidelift.com/funding/github/packagist/phpstan/phpstan",
                    "type": "tidelift"
                }
            ],
            "time": "2021-02-17T16:22:19+00:00"
        },
        {
            "name": "rector/rector-prefixed",
            "version": "0.9.29",
            "source": {
                "type": "git",
                "url": "https://github.com/rectorphp/rector-prefixed.git",
                "reference": "d9feb76f6f588a808117dff61ebc95ea65f13cb0"
            },
            "dist": {
                "type": "zip",
                "url": "https://api.github.com/repos/rectorphp/rector-prefixed/zipball/d9feb76f6f588a808117dff61ebc95ea65f13cb0",
                "reference": "d9feb76f6f588a808117dff61ebc95ea65f13cb0",
                "shasum": ""
            },
            "require": {
                "php": "^7.3|^8.0",
                "phpstan/phpstan": "^0.12.64"
            },
            "bin": [
                "bin/rector"
            ],
            "type": "library",
            "notification-url": "https://packagist.org/downloads/",
            "license": [
                "MIT"
            ],
            "description": "Prefixed scoped version of rector/rector package",
            "support": {
                "source": "https://github.com/rectorphp/rector-prefixed/tree/0.9.29"
            },
            "time": "2021-02-15T22:23:15+00:00"
        }
    ],
    "aliases": [],
    "minimum-stability": "stable",
    "stability-flags": {
        "digitalstars/simplevk": 20
    },
    "prefer-stable": false,
    "prefer-lowest": false,
    "platform": {
        "ext-mbstring": "*",
        "ext-iconv": "*"
    },
    "platform-dev": [],
    "plugin-api-version": "2.0.0"
}
